// !$*UTF8*$!
{
	archiveVersion = 1;
	classes = {
	};
	objectVersion = 50;
	objects = {

/* Begin PBXBuildFile section */
		2AAE161C221E07F400E88F02 /* LoginTextField.swift in Sources */ = {isa = PBXBuildFile; fileRef = 2AAE161B221E07F400E88F02 /* LoginTextField.swift */; };
		2AAE16202228AC4B00E88F02 /* ProfileViewController.swift in Sources */ = {isa = PBXBuildFile; fileRef = 2AAE161F2228AC4B00E88F02 /* ProfileViewController.swift */; };
		2AAE16222228BF3E00E88F02 /* ProfileEditorViewController.swift in Sources */ = {isa = PBXBuildFile; fileRef = 2AAE16212228BF3E00E88F02 /* ProfileEditorViewController.swift */; };
		EA0CFABF22267F4000093E38 /* PreventiveMethodTableViewCell.swift in Sources */ = {isa = PBXBuildFile; fileRef = EA0CFABE22267F4000093E38 /* PreventiveMethodTableViewCell.swift */; };
		EA0CFAC12226800B00093E38 /* FourthViewController.swift in Sources */ = {isa = PBXBuildFile; fileRef = EA0CFAC02226800B00093E38 /* FourthViewController.swift */; };
		EA0CFAC32226804B00093E38 /* PreventClass.swift in Sources */ = {isa = PBXBuildFile; fileRef = EA0CFAC22226804B00093E38 /* PreventClass.swift */; };
		EA1C24F52230C6060075B4C2 /* RecoveryDetailedViewController.swift in Sources */ = {isa = PBXBuildFile; fileRef = EA1C24F42230C6060075B4C2 /* RecoveryDetailedViewController.swift */; };
		EA1C24F722318FF60075B4C2 /* MainViewController.swift in Sources */ = {isa = PBXBuildFile; fileRef = EA1C24F622318FF60075B4C2 /* MainViewController.swift */; };
		EA1C24F9223196350075B4C2 /* StateIndustryViewController.swift in Sources */ = {isa = PBXBuildFile; fileRef = EA1C24F8223196350075B4C2 /* StateIndustryViewController.swift */; };
		EA1C24FB22319DFE0075B4C2 /* StateDetailedViewController.swift in Sources */ = {isa = PBXBuildFile; fileRef = EA1C24FA22319DFE0075B4C2 /* StateDetailedViewController.swift */; };
		EA77D2A622277D99007E9AEE /* mapinteractive.jpg in Resources */ = {isa = PBXBuildFile; fileRef = EA77D2A522277D99007E9AEE /* mapinteractive.jpg */; };
		EA82202C221B4F8B00CE07C9 /* AppDelegate.swift in Sources */ = {isa = PBXBuildFile; fileRef = EA82202B221B4F8B00CE07C9 /* AppDelegate.swift */; };
		EA82202E221B4F8B00CE07C9 /* FirstViewController.swift in Sources */ = {isa = PBXBuildFile; fileRef = EA82202D221B4F8B00CE07C9 /* FirstViewController.swift */; };
		EA822030221B4F8B00CE07C9 /* SecondViewController.swift in Sources */ = {isa = PBXBuildFile; fileRef = EA82202F221B4F8B00CE07C9 /* SecondViewController.swift */; };
		EA822033221B4F8B00CE07C9 /* Main.storyboard in Resources */ = {isa = PBXBuildFile; fileRef = EA822031221B4F8B00CE07C9 /* Main.storyboard */; };
		EA822035221B4F8C00CE07C9 /* Assets.xcassets in Resources */ = {isa = PBXBuildFile; fileRef = EA822034221B4F8C00CE07C9 /* Assets.xcassets */; };
		EA822038221B4F8C00CE07C9 /* LaunchScreen.storyboard in Resources */ = {isa = PBXBuildFile; fileRef = EA822036221B4F8C00CE07C9 /* LaunchScreen.storyboard */; };
		EA822043221B4F8C00CE07C9 /* PrevworkTests.swift in Sources */ = {isa = PBXBuildFile; fileRef = EA822042221B4F8C00CE07C9 /* PrevworkTests.swift */; };
		EA82204E221B4F8C00CE07C9 /* PrevworkUITests.swift in Sources */ = {isa = PBXBuildFile; fileRef = EA82204D221B4F8C00CE07C9 /* PrevworkUITests.swift */; };
		EA9D8F132228D9FA00EE41B5 /* PreventDetailedViewController.swift in Sources */ = {isa = PBXBuildFile; fileRef = EA9D8F122228D9FA00EE41B5 /* PreventDetailedViewController.swift */; };
		EAB54400222D004F008AFF98 /* CollectionViewCell.swift in Sources */ = {isa = PBXBuildFile; fileRef = EAB543FF222D004F008AFF98 /* CollectionViewCell.swift */; };
		EAB54402222D03D9008AFF98 /* IndustryCollectionViewCell.swift in Sources */ = {isa = PBXBuildFile; fileRef = EAB54401222D03D9008AFF98 /* IndustryCollectionViewCell.swift */; };
		EAD91A262229C1FC0027A58C /* RecoveryViewController.swift in Sources */ = {isa = PBXBuildFile; fileRef = EAD91A252229C1FC0027A58C /* RecoveryViewController.swift */; };
/* End PBXBuildFile section */

/* Begin PBXContainerItemProxy section */
		EA82203F221B4F8C00CE07C9 /* PBXContainerItemProxy */ = {
			isa = PBXContainerItemProxy;
			containerPortal = EA822020221B4F8B00CE07C9 /* Project object */;
			proxyType = 1;
			remoteGlobalIDString = EA822027221B4F8B00CE07C9;
			remoteInfo = Prevwork;
		};
		EA82204A221B4F8C00CE07C9 /* PBXContainerItemProxy */ = {
			isa = PBXContainerItemProxy;
			containerPortal = EA822020221B4F8B00CE07C9 /* Project object */;
			proxyType = 1;
			remoteGlobalIDString = EA822027221B4F8B00CE07C9;
			remoteInfo = Prevwork;
		};
/* End PBXContainerItemProxy section */

/* Begin PBXFileReference section */
		2AAE161B221E07F400E88F02 /* LoginTextField.swift */ = {isa = PBXFileReference; fileEncoding = 4; lastKnownFileType = sourcecode.swift; path = LoginTextField.swift; sourceTree = "<group>"; };
		2AAE161F2228AC4B00E88F02 /* ProfileViewController.swift */ = {isa = PBXFileReference; lastKnownFileType = sourcecode.swift; path = ProfileViewController.swift; sourceTree = "<group>"; };
		2AAE16212228BF3E00E88F02 /* ProfileEditorViewController.swift */ = {isa = PBXFileReference; lastKnownFileType = sourcecode.swift; path = ProfileEditorViewController.swift; sourceTree = "<group>"; };
		EA0CFABE22267F4000093E38 /* PreventiveMethodTableViewCell.swift */ = {isa = PBXFileReference; lastKnownFileType = sourcecode.swift; path = PreventiveMethodTableViewCell.swift; sourceTree = "<group>"; };
		EA0CFAC02226800B00093E38 /* FourthViewController.swift */ = {isa = PBXFileReference; lastKnownFileType = sourcecode.swift; path = FourthViewController.swift; sourceTree = "<group>"; };
		EA0CFAC22226804B00093E38 /* PreventClass.swift */ = {isa = PBXFileReference; lastKnownFileType = sourcecode.swift; path = PreventClass.swift; sourceTree = "<group>"; };
		EA1C24F42230C6060075B4C2 /* RecoveryDetailedViewController.swift */ = {isa = PBXFileReference; lastKnownFileType = sourcecode.swift; path = RecoveryDetailedViewController.swift; sourceTree = "<group>"; };
		EA1C24F622318FF60075B4C2 /* MainViewController.swift */ = {isa = PBXFileReference; lastKnownFileType = sourcecode.swift; path = MainViewController.swift; sourceTree = "<group>"; };
		EA1C24F8223196350075B4C2 /* StateIndustryViewController.swift */ = {isa = PBXFileReference; lastKnownFileType = sourcecode.swift; path = StateIndustryViewController.swift; sourceTree = "<group>"; };
		EA1C24FA22319DFE0075B4C2 /* StateDetailedViewController.swift */ = {isa = PBXFileReference; lastKnownFileType = sourcecode.swift; path = StateDetailedViewController.swift; sourceTree = "<group>"; };
		EA77D2A522277D99007E9AEE /* mapinteractive.jpg */ = {isa = PBXFileReference; lastKnownFileType = image.jpeg; path = mapinteractive.jpg; sourceTree = "<group>"; };
		EA822028221B4F8B00CE07C9 /* Prevwork.app */ = {isa = PBXFileReference; explicitFileType = wrapper.application; includeInIndex = 0; path = Prevwork.app; sourceTree = BUILT_PRODUCTS_DIR; };
		EA82202B221B4F8B00CE07C9 /* AppDelegate.swift */ = {isa = PBXFileReference; lastKnownFileType = sourcecode.swift; path = AppDelegate.swift; sourceTree = "<group>"; };
		EA82202D221B4F8B00CE07C9 /* FirstViewController.swift */ = {isa = PBXFileReference; lastKnownFileType = sourcecode.swift; path = FirstViewController.swift; sourceTree = "<group>"; };
		EA82202F221B4F8B00CE07C9 /* SecondViewController.swift */ = {isa = PBXFileReference; lastKnownFileType = sourcecode.swift; path = SecondViewController.swift; sourceTree = "<group>"; };
		EA822032221B4F8B00CE07C9 /* Base */ = {isa = PBXFileReference; lastKnownFileType = file.storyboard; name = Base; path = Base.lproj/Main.storyboard; sourceTree = "<group>"; };
		EA822034221B4F8C00CE07C9 /* Assets.xcassets */ = {isa = PBXFileReference; lastKnownFileType = folder.assetcatalog; path = Assets.xcassets; sourceTree = "<group>"; };
		EA822037221B4F8C00CE07C9 /* Base */ = {isa = PBXFileReference; lastKnownFileType = file.storyboard; name = Base; path = Base.lproj/LaunchScreen.storyboard; sourceTree = "<group>"; };
		EA822039221B4F8C00CE07C9 /* Info.plist */ = {isa = PBXFileReference; lastKnownFileType = text.plist.xml; path = Info.plist; sourceTree = "<group>"; };
		EA82203E221B4F8C00CE07C9 /* PrevworkTests.xctest */ = {isa = PBXFileReference; explicitFileType = wrapper.cfbundle; includeInIndex = 0; path = PrevworkTests.xctest; sourceTree = BUILT_PRODUCTS_DIR; };
		EA822042221B4F8C00CE07C9 /* PrevworkTests.swift */ = {isa = PBXFileReference; lastKnownFileType = sourcecode.swift; path = PrevworkTests.swift; sourceTree = "<group>"; };
		EA822044221B4F8C00CE07C9 /* Info.plist */ = {isa = PBXFileReference; lastKnownFileType = text.plist.xml; path = Info.plist; sourceTree = "<group>"; };
		EA822049221B4F8C00CE07C9 /* PrevworkUITests.xctest */ = {isa = PBXFileReference; explicitFileType = wrapper.cfbundle; includeInIndex = 0; path = PrevworkUITests.xctest; sourceTree = BUILT_PRODUCTS_DIR; };
		EA82204D221B4F8C00CE07C9 /* PrevworkUITests.swift */ = {isa = PBXFileReference; lastKnownFileType = sourcecode.swift; path = PrevworkUITests.swift; sourceTree = "<group>"; };
		EA82204F221B4F8C00CE07C9 /* Info.plist */ = {isa = PBXFileReference; lastKnownFileType = text.plist.xml; path = Info.plist; sourceTree = "<group>"; };
		EA9D8F122228D9FA00EE41B5 /* PreventDetailedViewController.swift */ = {isa = PBXFileReference; lastKnownFileType = sourcecode.swift; path = PreventDetailedViewController.swift; sourceTree = "<group>"; };
		EAB543FF222D004F008AFF98 /* CollectionViewCell.swift */ = {isa = PBXFileReference; lastKnownFileType = sourcecode.swift; path = CollectionViewCell.swift; sourceTree = "<group>"; };
		EAB54401222D03D9008AFF98 /* IndustryCollectionViewCell.swift */ = {isa = PBXFileReference; lastKnownFileType = sourcecode.swift; path = IndustryCollectionViewCell.swift; sourceTree = "<group>"; };
		EAD91A252229C1FC0027A58C /* RecoveryViewController.swift */ = {isa = PBXFileReference; lastKnownFileType = sourcecode.swift; path = RecoveryViewController.swift; sourceTree = "<group>"; };
/* End PBXFileReference section */

/* Begin PBXFrameworksBuildPhase section */
		EA822025221B4F8B00CE07C9 /* Frameworks */ = {
			isa = PBXFrameworksBuildPhase;
			buildActionMask = 2147483647;
			files = (
			);
			runOnlyForDeploymentPostprocessing = 0;
		};
		EA82203B221B4F8C00CE07C9 /* Frameworks */ = {
			isa = PBXFrameworksBuildPhase;
			buildActionMask = 2147483647;
			files = (
			);
			runOnlyForDeploymentPostprocessing = 0;
		};
		EA822046221B4F8C00CE07C9 /* Frameworks */ = {
			isa = PBXFrameworksBuildPhase;
			buildActionMask = 2147483647;
			files = (
			);
			runOnlyForDeploymentPostprocessing = 0;
		};
/* End PBXFrameworksBuildPhase section */

/* Begin PBXGroup section */
		EA82201F221B4F8B00CE07C9 = {
			isa = PBXGroup;
			children = (
				EA82202A221B4F8B00CE07C9 /* Prevwork */,
				EA822041221B4F8C00CE07C9 /* PrevworkTests */,
				EA82204C221B4F8C00CE07C9 /* PrevworkUITests */,
				EA822029221B4F8B00CE07C9 /* Products */,
			);
			sourceTree = "<group>";
		};
		EA822029221B4F8B00CE07C9 /* Products */ = {
			isa = PBXGroup;
			children = (
				EA822028221B4F8B00CE07C9 /* Prevwork.app */,
				EA82203E221B4F8C00CE07C9 /* PrevworkTests.xctest */,
				EA822049221B4F8C00CE07C9 /* PrevworkUITests.xctest */,
			);
			name = Products;
			sourceTree = "<group>";
		};
		EA82202A221B4F8B00CE07C9 /* Prevwork */ = {
			isa = PBXGroup;
			children = (
				2AAE161B221E07F400E88F02 /* LoginTextField.swift */,
				EA77D2A522277D99007E9AEE /* mapinteractive.jpg */,
				EA82202B221B4F8B00CE07C9 /* AppDelegate.swift */,
				EA82202D221B4F8B00CE07C9 /* FirstViewController.swift */,
				2AAE161F2228AC4B00E88F02 /* ProfileViewController.swift */,
				EA82202F221B4F8B00CE07C9 /* SecondViewController.swift */,
				EA822031221B4F8B00CE07C9 /* Main.storyboard */,
				EA1C24FA22319DFE0075B4C2 /* StateDetailedViewController.swift */,
				EA1C24F8223196350075B4C2 /* StateIndustryViewController.swift */,
				EA1C24F622318FF60075B4C2 /* MainViewController.swift */,
				EA1C24F42230C6060075B4C2 /* RecoveryDetailedViewController.swift */,
				EAB54401222D03D9008AFF98 /* IndustryCollectionViewCell.swift */,
				EAB543FF222D004F008AFF98 /* CollectionViewCell.swift */,
				EAD91A252229C1FC0027A58C /* RecoveryViewController.swift */,
				EA9D8F122228D9FA00EE41B5 /* PreventDetailedViewController.swift */,
				2AAE16212228BF3E00E88F02 /* ProfileEditorViewController.swift */,
				EA0CFAC02226800B00093E38 /* FourthViewController.swift */,
				EA0CFAC22226804B00093E38 /* PreventClass.swift */,
				EA0CFABE22267F4000093E38 /* PreventiveMethodTableViewCell.swift */,
				EA822034221B4F8C00CE07C9 /* Assets.xcassets */,
				EA822036221B4F8C00CE07C9 /* LaunchScreen.storyboard */,
				EA822039221B4F8C00CE07C9 /* Info.plist */,
			);
			path = Prevwork;
			sourceTree = "<group>";
		};
		EA822041221B4F8C00CE07C9 /* PrevworkTests */ = {
			isa = PBXGroup;
			children = (
				EA822042221B4F8C00CE07C9 /* PrevworkTests.swift */,
				EA822044221B4F8C00CE07C9 /* Info.plist */,
			);
			path = PrevworkTests;
			sourceTree = "<group>";
		};
		EA82204C221B4F8C00CE07C9 /* PrevworkUITests */ = {
			isa = PBXGroup;
			children = (
				EA82204D221B4F8C00CE07C9 /* PrevworkUITests.swift */,
				EA82204F221B4F8C00CE07C9 /* Info.plist */,
			);
			path = PrevworkUITests;
			sourceTree = "<group>";
		};
/* End PBXGroup section */

/* Begin PBXNativeTarget section */
		EA822027221B4F8B00CE07C9 /* Prevwork */ = {
			isa = PBXNativeTarget;
			buildConfigurationList = EA822052221B4F8C00CE07C9 /* Build configuration list for PBXNativeTarget "Prevwork" */;
			buildPhases = (
				EA822024221B4F8B00CE07C9 /* Sources */,
				EA822025221B4F8B00CE07C9 /* Frameworks */,
				EA822026221B4F8B00CE07C9 /* Resources */,
			);
			buildRules = (
			);
			dependencies = (
			);
			name = Prevwork;
			productName = Prevwork;
			productReference = EA822028221B4F8B00CE07C9 /* Prevwork.app */;
			productType = "com.apple.product-type.application";
		};
		EA82203D221B4F8C00CE07C9 /* PrevworkTests */ = {
			isa = PBXNativeTarget;
			buildConfigurationList = EA822055221B4F8C00CE07C9 /* Build configuration list for PBXNativeTarget "PrevworkTests" */;
			buildPhases = (
				EA82203A221B4F8C00CE07C9 /* Sources */,
				EA82203B221B4F8C00CE07C9 /* Frameworks */,
				EA82203C221B4F8C00CE07C9 /* Resources */,
			);
			buildRules = (
			);
			dependencies = (
				EA822040221B4F8C00CE07C9 /* PBXTargetDependency */,
			);
			name = PrevworkTests;
			productName = PrevworkTests;
			productReference = EA82203E221B4F8C00CE07C9 /* PrevworkTests.xctest */;
			productType = "com.apple.product-type.bundle.unit-test";
		};
		EA822048221B4F8C00CE07C9 /* PrevworkUITests */ = {
			isa = PBXNativeTarget;
			buildConfigurationList = EA822058221B4F8C00CE07C9 /* Build configuration list for PBXNativeTarget "PrevworkUITests" */;
			buildPhases = (
				EA822045221B4F8C00CE07C9 /* Sources */,
				EA822046221B4F8C00CE07C9 /* Frameworks */,
				EA822047221B4F8C00CE07C9 /* Resources */,
			);
			buildRules = (
			);
			dependencies = (
				EA82204B221B4F8C00CE07C9 /* PBXTargetDependency */,
			);
			name = PrevworkUITests;
			productName = PrevworkUITests;
			productReference = EA822049221B4F8C00CE07C9 /* PrevworkUITests.xctest */;
			productType = "com.apple.product-type.bundle.ui-testing";
		};
/* End PBXNativeTarget section */

/* Begin PBXProject section */
		EA822020221B4F8B00CE07C9 /* Project object */ = {
			isa = PBXProject;
			attributes = {
				LastSwiftUpdateCheck = 1010;
				LastUpgradeCheck = 1010;
				ORGANIZATIONNAME = "Angela He";
				TargetAttributes = {
					EA822027221B4F8B00CE07C9 = {
						CreatedOnToolsVersion = 10.1;
					};
					EA82203D221B4F8C00CE07C9 = {
						CreatedOnToolsVersion = 10.1;
						TestTargetID = EA822027221B4F8B00CE07C9;
					};
					EA822048221B4F8C00CE07C9 = {
						CreatedOnToolsVersion = 10.1;
						TestTargetID = EA822027221B4F8B00CE07C9;
					};
				};
			};
			buildConfigurationList = EA822023221B4F8B00CE07C9 /* Build configuration list for PBXProject "Prevwork" */;
			compatibilityVersion = "Xcode 9.3";
			developmentRegion = en;
			hasScannedForEncodings = 0;
			knownRegions = (
				en,
				Base,
			);
			mainGroup = EA82201F221B4F8B00CE07C9;
			productRefGroup = EA822029221B4F8B00CE07C9 /* Products */;
			projectDirPath = "";
			projectRoot = "";
			targets = (
				EA822027221B4F8B00CE07C9 /* Prevwork */,
				EA82203D221B4F8C00CE07C9 /* PrevworkTests */,
				EA822048221B4F8C00CE07C9 /* PrevworkUITests */,
			);
		};
/* End PBXProject section */

/* Begin PBXResourcesBuildPhase section */
		EA822026221B4F8B00CE07C9 /* Resources */ = {
			isa = PBXResourcesBuildPhase;
			buildActionMask = 2147483647;
			files = (
				EA822038221B4F8C00CE07C9 /* LaunchScreen.storyboard in Resources */,
				EA77D2A622277D99007E9AEE /* mapinteractive.jpg in Resources */,
				EA822035221B4F8C00CE07C9 /* Assets.xcassets in Resources */,
				EA822033221B4F8B00CE07C9 /* Main.storyboard in Resources */,
			);
			runOnlyForDeploymentPostprocessing = 0;
		};
		EA82203C221B4F8C00CE07C9 /* Resources */ = {
			isa = PBXResourcesBuildPhase;
			buildActionMask = 2147483647;
			files = (
			);
			runOnlyForDeploymentPostprocessing = 0;
		};
		EA822047221B4F8C00CE07C9 /* Resources */ = {
			isa = PBXResourcesBuildPhase;
			buildActionMask = 2147483647;
			files = (
			);
			runOnlyForDeploymentPostprocessing = 0;
		};
/* End PBXResourcesBuildPhase section */

/* Begin PBXSourcesBuildPhase section */
		EA822024221B4F8B00CE07C9 /* Sources */ = {
			isa = PBXSourcesBuildPhase;
			buildActionMask = 2147483647;
			files = (
				EA0CFAC12226800B00093E38 /* FourthViewController.swift in Sources */,
				EA822030221B4F8B00CE07C9 /* SecondViewController.swift in Sources */,
				EAB54400222D004F008AFF98 /* CollectionViewCell.swift in Sources */,
				EA1C24FB22319DFE0075B4C2 /* StateDetailedViewController.swift in Sources */,
				EA0CFAC32226804B00093E38 /* PreventClass.swift in Sources */,
				EA9D8F132228D9FA00EE41B5 /* PreventDetailedViewController.swift in Sources */,
				EA1C24F52230C6060075B4C2 /* RecoveryDetailedViewController.swift in Sources */,
				2AAE16222228BF3E00E88F02 /* ProfileEditorViewController.swift in Sources */,
				2AAE161C221E07F400E88F02 /* LoginTextField.swift in Sources */,
				EA82202C221B4F8B00CE07C9 /* AppDelegate.swift in Sources */,
				EA1C24F722318FF60075B4C2 /* MainViewController.swift in Sources */,
				EA1C24F9223196350075B4C2 /* StateIndustryViewController.swift in Sources */,
				EAD91A262229C1FC0027A58C /* RecoveryViewController.swift in Sources */,
				EA0CFABF22267F4000093E38 /* PreventiveMethodTableViewCell.swift in Sources */,
				2AAE16202228AC4B00E88F02 /* ProfileViewController.swift in Sources */,
				EA82202E221B4F8B00CE07C9 /* FirstViewController.swift in Sources */,
				EAB54402222D03D9008AFF98 /* IndustryCollectionViewCell.swift in Sources */,
			);
			runOnlyForDeploymentPostprocessing = 0;
		};
		EA82203A221B4F8C00CE07C9 /* Sources */ = {
			isa = PBXSourcesBuildPhase;
			buildActionMask = 2147483647;
			files = (
				EA822043221B4F8C00CE07C9 /* PrevworkTests.swift in Sources */,
			);
			runOnlyForDeploymentPostprocessing = 0;
		};
		EA822045221B4F8C00CE07C9 /* Sources */ = {
			isa = PBXSourcesBuildPhase;
			buildActionMask = 2147483647;
			files = (
				EA82204E221B4F8C00CE07C9 /* PrevworkUITests.swift in Sources */,
			);
			runOnlyForDeploymentPostprocessing = 0;
		};
/* End PBXSourcesBuildPhase section */

/* Begin PBXTargetDependency section */
		EA822040221B4F8C00CE07C9 /* PBXTargetDependency */ = {
			isa = PBXTargetDependency;
			target = EA822027221B4F8B00CE07C9 /* Prevwork */;
			targetProxy = EA82203F221B4F8C00CE07C9 /* PBXContainerItemProxy */;
		};
		EA82204B221B4F8C00CE07C9 /* PBXTargetDependency */ = {
			isa = PBXTargetDependency;
			target = EA822027221B4F8B00CE07C9 /* Prevwork */;
			targetProxy = EA82204A221B4F8C00CE07C9 /* PBXContainerItemProxy */;
		};
/* End PBXTargetDependency section */

/* Begin PBXVariantGroup section */
		EA822031221B4F8B00CE07C9 /* Main.storyboard */ = {
			isa = PBXVariantGroup;
			children = (
				EA822032221B4F8B00CE07C9 /* Base */,
			);
			name = Main.storyboard;
			sourceTree = "<group>";
		};
		EA822036221B4F8C00CE07C9 /* LaunchScreen.storyboard */ = {
			isa = PBXVariantGroup;
			children = (
				EA822037221B4F8C00CE07C9 /* Base */,
			);
			name = LaunchScreen.storyboard;
			sourceTree = "<group>";
		};
/* End PBXVariantGroup section */

/* Begin XCBuildConfiguration section */
		EA822050221B4F8C00CE07C9 /* Debug */ = {
			isa = XCBuildConfiguration;
			buildSettings = {
				ALWAYS_SEARCH_USER_PATHS = NO;
				CLANG_ANALYZER_NONNULL = YES;
				CLANG_ANALYZER_NUMBER_OBJECT_CONVERSION = YES_AGGRESSIVE;
				CLANG_CXX_LANGUAGE_STANDARD = "gnu++14";
				CLANG_CXX_LIBRARY = "libc++";
				CLANG_ENABLE_MODULES = YES;
				CLANG_ENABLE_OBJC_ARC = YES;
				CLANG_ENABLE_OBJC_WEAK = YES;
				CLANG_WARN_BLOCK_CAPTURE_AUTORELEASING = YES;
				CLANG_WARN_BOOL_CONVERSION = YES;
				CLANG_WARN_COMMA = YES;
				CLANG_WARN_CONSTANT_CONVERSION = YES;
				CLANG_WARN_DEPRECATED_OBJC_IMPLEMENTATIONS = YES;
				CLANG_WARN_DIRECT_OBJC_ISA_USAGE = YES_ERROR;
				CLANG_WARN_DOCUMENTATION_COMMENTS = YES;
				CLANG_WARN_EMPTY_BODY = YES;
				CLANG_WARN_ENUM_CONVERSION = YES;
				CLANG_WARN_INFINITE_RECURSION = YES;
				CLANG_WARN_INT_CONVERSION = YES;
				CLANG_WARN_NON_LITERAL_NULL_CONVERSION = YES;
				CLANG_WARN_OBJC_IMPLICIT_RETAIN_SELF = YES;
				CLANG_WARN_OBJC_LITERAL_CONVERSION = YES;
				CLANG_WARN_OBJC_ROOT_CLASS = YES_ERROR;
				CLANG_WARN_RANGE_LOOP_ANALYSIS = YES;
				CLANG_WARN_STRICT_PROTOTYPES = YES;
				CLANG_WARN_SUSPICIOUS_MOVE = YES;
				CLANG_WARN_UNGUARDED_AVAILABILITY = YES_AGGRESSIVE;
				CLANG_WARN_UNREACHABLE_CODE = YES;
				CLANG_WARN__DUPLICATE_METHOD_MATCH = YES;
				CODE_SIGN_IDENTITY = "iPhone Developer";
				COPY_PHASE_STRIP = NO;
				DEBUG_INFORMATION_FORMAT = dwarf;
				ENABLE_STRICT_OBJC_MSGSEND = YES;
				ENABLE_TESTABILITY = YES;
				GCC_C_LANGUAGE_STANDARD = gnu11;
				GCC_DYNAMIC_NO_PIC = NO;
				GCC_NO_COMMON_BLOCKS = YES;
				GCC_OPTIMIZATION_LEVEL = 0;
				GCC_PREPROCESSOR_DEFINITIONS = (
					"DEBUG=1",
					"$(inherited)",
				);
				GCC_WARN_64_TO_32_BIT_CONVERSION = YES;
				GCC_WARN_ABOUT_RETURN_TYPE = YES_ERROR;
				GCC_WARN_UNDECLARED_SELECTOR = YES;
				GCC_WARN_UNINITIALIZED_AUTOS = YES_AGGRESSIVE;
				GCC_WARN_UNUSED_FUNCTION = YES;
				GCC_WARN_UNUSED_VARIABLE = YES;
				IPHONEOS_DEPLOYMENT_TARGET = 12.1;
				MTL_ENABLE_DEBUG_INFO = INCLUDE_SOURCE;
				MTL_FAST_MATH = YES;
				ONLY_ACTIVE_ARCH = YES;
				SDKROOT = iphoneos;
				SWIFT_ACTIVE_COMPILATION_CONDITIONS = DEBUG;
				SWIFT_OPTIMIZATION_LEVEL = "-Onone";
			};
			name = Debug;
		};
		EA822051221B4F8C00CE07C9 /* Release */ = {
			isa = XCBuildConfiguration;
			buildSettings = {
				ALWAYS_SEARCH_USER_PATHS = NO;
				CLANG_ANALYZER_NONNULL = YES;
				CLANG_ANALYZER_NUMBER_OBJECT_CONVERSION = YES_AGGRESSIVE;
				CLANG_CXX_LANGUAGE_STANDARD = "gnu++14";
				CLANG_CXX_LIBRARY = "libc++";
				CLANG_ENABLE_MODULES = YES;
				CLANG_ENABLE_OBJC_ARC = YES;
				CLANG_ENABLE_OBJC_WEAK = YES;
				CLANG_WARN_BLOCK_CAPTURE_AUTORELEASING = YES;
				CLANG_WARN_BOOL_CONVERSION = YES;
				CLANG_WARN_COMMA = YES;
				CLANG_WARN_CONSTANT_CONVERSION = YES;
				CLANG_WARN_DEPRECATED_OBJC_IMPLEMENTATIONS = YES;
				CLANG_WARN_DIRECT_OBJC_ISA_USAGE = YES_ERROR;
				CLANG_WARN_DOCUMENTATION_COMMENTS = YES;
				CLANG_WARN_EMPTY_BODY = YES;
				CLANG_WARN_ENUM_CONVERSION = YES;
				CLANG_WARN_INFINITE_RECURSION = YES;
				CLANG_WARN_INT_CONVERSION = YES;
				CLANG_WARN_NON_LITERAL_NULL_CONVERSION = YES;
				CLANG_WARN_OBJC_IMPLICIT_RETAIN_SELF = YES;
				CLANG_WARN_OBJC_LITERAL_CONVERSION = YES;
				CLANG_WARN_OBJC_ROOT_CLASS = YES_ERROR;
				CLANG_WARN_RANGE_LOOP_ANALYSIS = YES;
				CLANG_WARN_STRICT_PROTOTYPES = YES;
				CLANG_WARN_SUSPICIOUS_MOVE = YES;
				CLANG_WARN_UNGUARDED_AVAILABILITY = YES_AGGRESSIVE;
				CLANG_WARN_UNREACHABLE_CODE = YES;
				CLANG_WARN__DUPLICATE_METHOD_MATCH = YES;
				CODE_SIGN_IDENTITY = "iPhone Developer";
				COPY_PHASE_STRIP = NO;
				DEBUG_INFORMATION_FORMAT = "dwarf-with-dsym";
				ENABLE_NS_ASSERTIONS = NO;
				ENABLE_STRICT_OBJC_MSGSEND = YES;
				GCC_C_LANGUAGE_STANDARD = gnu11;
				GCC_NO_COMMON_BLOCKS = YES;
				GCC_WARN_64_TO_32_BIT_CONVERSION = YES;
				GCC_WARN_ABOUT_RETURN_TYPE = YES_ERROR;
				GCC_WARN_UNDECLARED_SELECTOR = YES;
				GCC_WARN_UNINITIALIZED_AUTOS = YES_AGGRESSIVE;
				GCC_WARN_UNUSED_FUNCTION = YES;
				GCC_WARN_UNUSED_VARIABLE = YES;
				IPHONEOS_DEPLOYMENT_TARGET = 12.1;
				MTL_ENABLE_DEBUG_INFO = NO;
				MTL_FAST_MATH = YES;
				SDKROOT = iphoneos;
				SWIFT_COMPILATION_MODE = wholemodule;
				SWIFT_OPTIMIZATION_LEVEL = "-O";
				VALIDATE_PRODUCT = YES;
			};
			name = Release;
		};
		EA822053221B4F8C00CE07C9 /* Debug */ = {
			isa = XCBuildConfiguration;
			buildSettings = {
				ASSETCATALOG_COMPILER_APPICON_NAME = AppIcon;
				CODE_SIGN_STYLE = Automatic;
				DEVELOPMENT_TEAM = VX62Z43M83;
				INFOPLIST_FILE = Prevwork/Info.plist;
				LD_RUNPATH_SEARCH_PATHS = (
					"$(inherited)",
					"@executable_path/Frameworks",
				);
				PRODUCT_BUNDLE_IDENTIFIER = Prevwork;
				PRODUCT_NAME = "$(TARGET_NAME)";
				SWIFT_VERSION = 4.2;
				TARGETED_DEVICE_FAMILY = "1,2";
			};
			name = Debug;
		};
		EA822054221B4F8C00CE07C9 /* Release */ = {
			isa = XCBuildConfiguration;
			buildSettings = {
				ASSETCATALOG_COMPILER_APPICON_NAME = AppIcon;
				CODE_SIGN_STYLE = Automatic;
				DEVELOPMENT_TEAM = VX62Z43M83;
				INFOPLIST_FILE = Prevwork/Info.plist;
				LD_RUNPATH_SEARCH_PATHS = (
					"$(inherited)",
					"@executable_path/Frameworks",
				);
				PRODUCT_BUNDLE_IDENTIFIER = Prevwork;
				PRODUCT_NAME = "$(TARGET_NAME)";
				SWIFT_VERSION = 4.2;
				TARGETED_DEVICE_FAMILY = "1,2";
			};
			name = Release;
		};
		EA822056221B4F8C00CE07C9 /* Debug */ = {
			isa = XCBuildConfiguration;
			buildSettings = {
				ALWAYS_EMBED_SWIFT_STANDARD_LIBRARIES = YES;
				BUNDLE_LOADER = "$(TEST_HOST)";
				CODE_SIGN_STYLE = Automatic;
				DEVELOPMENT_TEAM = DK8A4L59UQ;
				INFOPLIST_FILE = PrevworkTests/Info.plist;
				LD_RUNPATH_SEARCH_PATHS = (
					"$(inherited)",
					"@executable_path/Frameworks",
					"@loader_path/Frameworks",
				);
				PRODUCT_BUNDLE_IDENTIFIER = Prevwork.PrevworkTests;
				PRODUCT_NAME = "$(TARGET_NAME)";
				SWIFT_VERSION = 4.2;
				TARGETED_DEVICE_FAMILY = "1,2";
				TEST_HOST = "$(BUILT_PRODUCTS_DIR)/Prevwork.app/Prevwork";
			};
			name = Debug;
		};
		EA822057221B4F8C00CE07C9 /* Release */ = {
			isa = XCBuildConfiguration;
			buildSettings = {
				ALWAYS_EMBED_SWIFT_STANDARD_LIBRARIES = YES;
				BUNDLE_LOADER = "$(TEST_HOST)";
				CODE_SIGN_STYLE = Automatic;
				DEVELOPMENT_TEAM = DK8A4L59UQ;
				INFOPLIST_FILE = PrevworkTests/Info.plist;
				LD_RUNPATH_SEARCH_PATHS = (
					"$(inherited)",
					"@executable_path/Frameworks",
					"@loader_path/Frameworks",
				);
				PRODUCT_BUNDLE_IDENTIFIER = Prevwork.PrevworkTests;
				PRODUCT_NAME = "$(TARGET_NAME)";
				SWIFT_VERSION = 4.2;
				TARGETED_DEVICE_FAMILY = "1,2";
				TEST_HOST = "$(BUILT_PRODUCTS_DIR)/Prevwork.app/Prevwork";
			};
			name = Release;
		};
		EA822059221B4F8C00CE07C9 /* Debug */ = {
			isa = XCBuildConfiguration;
			buildSettings = {
				ALWAYS_EMBED_SWIFT_STANDARD_LIBRARIES = YES;
				CODE_SIGN_STYLE = Automatic;
				DEVELOPMENT_TEAM = DK8A4L59UQ;
				INFOPLIST_FILE = PrevworkUITests/Info.plist;
				LD_RUNPATH_SEARCH_PATHS = (
					"$(inherited)",
					"@executable_path/Frameworks",
					"@loader_path/Frameworks",
				);
				PRODUCT_BUNDLE_IDENTIFIER = Prevwork.PrevworkUITests;
				PRODUCT_NAME = "$(TARGET_NAME)";
				SWIFT_VERSION = 4.2;
				TARGETED_DEVICE_FAMILY = "1,2";
				TEST_TARGET_NAME = Prevwork;
			};
			name = Debug;
		};
		EA82205A221B4F8C00CE07C9 /* Release */ = {
			isa = XCBuildConfiguration;
			buildSettings = {
				ALWAYS_EMBED_SWIFT_STANDARD_LIBRARIES = YES;
				CODE_SIGN_STYLE = Automatic;
				DEVELOPMENT_TEAM = DK8A4L59UQ;
				INFOPLIST_FILE = PrevworkUITests/Info.plist;
				LD_RUNPATH_SEARCH_PATHS = (
					"$(inherited)",
					"@executable_path/Frameworks",
					"@loader_path/Frameworks",
				);
				PRODUCT_BUNDLE_IDENTIFIER = Prevwork.PrevworkUITests;
				PRODUCT_NAME = "$(TARGET_NAME)";
				SWIFT_VERSION = 4.2;
				TARGETED_DEVICE_FAMILY = "1,2";
				TEST_TARGET_NAME = Prevwork;
			};
			name = Release;
		};
/* End XCBuildConfiguration section */

/* Begin XCConfigurationList section */
		EA822023221B4F8B00CE07C9 /* Build configuration list for PBXProject "Prevwork" */ = {
			isa = XCConfigurationList;
			buildConfigurations = (
				EA822050221B4F8C00CE07C9 /* Debug */,
				EA822051221B4F8C00CE07C9 /* Release */,
			);
			defaultConfigurationIsVisible = 0;
			defaultConfigurationName = Release;
		};
		EA822052221B4F8C00CE07C9 /* Build configuration list for PBXNativeTarget "Prevwork" */ = {
			isa = XCConfigurationList;
			buildConfigurations = (
				EA822053221B4F8C00CE07C9 /* Debug */,
				EA822054221B4F8C00CE07C9 /* Release */,
			);
			defaultConfigurationIsVisible = 0;
			defaultConfigurationName = Release;
		};
		EA822055221B4F8C00CE07C9 /* Build configuration list for PBXNativeTarget "PrevworkTests" */ = {
			isa = XCConfigurationList;
			buildConfigurations = (
				EA822056221B4F8C00CE07C9 /* Debug */,
				EA822057221B4F8C00CE07C9 /* Release */,
			);
			defaultConfigurationIsVisible = 0;
			defaultConfigurationName = Release;
		};
		EA822058221B4F8C00CE07C9 /* Build configuration list for PBXNativeTarget "PrevworkUITests" */ = {
			isa = XCConfigurationList;
			buildConfigurations = (
				EA822059221B4F8C00CE07C9 /* Debug */,
				EA82205A221B4F8C00CE07C9 /* Release */,
			);
			defaultConfigurationIsVisible = 0;
			defaultConfigurationName = Release;
		};
/* End XCConfigurationList section */
	};
	rootObject = EA822020221B4F8B00CE07C9 /* Project object */;
}
